
Microsoft Visual Studio Solution File, Format Version 12.00
# Visual Studio 2013
VisualStudioVersion = 12.0.40629.0
MinimumVisualStudioVersion = 10.0.40219.1
Project("{FAE04EC0-301F-11D3-BF4B-00C04F79EFBC}") = "Geowigo", "Geowigo\Geowigo.csproj", "{5E26988A-4610-4AB6-B62D-D60E0EDB4345}"
EndProject
Project("{FAE04EC0-301F-11D3-BF4B-00C04F79EFBC}") = "Core.WP81SL", "..\WF.Player.Core\Core\Core.WP81SL.csproj", "{43BA84C1-586E-4073-82A6-A67A90688959}"
EndProject
Project("{FAE04EC0-301F-11D3-BF4B-00C04F79EFBC}") = "Eluant.WP81SL", "..\WF.Player.Core\Eluant\Eluant\Eluant.WP81SL.csproj", "{3CFD5719-5A28-4A7C-9613-A55128C50FBC}"
EndProject
Project("{FAE04EC0-301F-11D3-BF4B-00C04F79EFBC}") = "MonoClassLibraries-wp81sl", "..\WF.Player.Core\Eluant\MonoClassLibraries\MonoClassLibraries-wp81sl.csproj", "{905530EF-B4B8-4E5C-B62E-4540563AE3E0}"
EndProject
Project("{FAE04EC0-301F-11D3-BF4B-00C04F79EFBC}") = "KopiLua-wp81sl", "..\..\Mangatome\KopiLua\KopiLua\KopiLua-wp81sl.csproj", "{C7023032-4B99-4F9F-A6E4-126909076CF4}"
EndProject
Global
	GlobalSection(SolutionConfigurationPlatforms) = preSolution
		Debug iOS|Any CPU = Debug iOS|Any CPU
		Debug iOS|ARM = Debug iOS|ARM
		Debug iOS|Mixed Platforms = Debug iOS|Mixed Platforms
		Debug iOS|Win32 = Debug iOS|Win32
		Debug iOS|x86 = Debug iOS|x86
		Debug iPhone|Any CPU = Debug iPhone|Any CPU
		Debug iPhone|ARM = Debug iPhone|ARM
		Debug iPhone|Mixed Platforms = Debug iPhone|Mixed Platforms
		Debug iPhone|Win32 = Debug iPhone|Win32
		Debug iPhone|x86 = Debug iPhone|x86
		Debug iPhoneSimulator|Any CPU = Debug iPhoneSimulator|Any CPU
		Debug iPhoneSimulator|ARM = Debug iPhoneSimulator|ARM
		Debug iPhoneSimulator|Mixed Platforms = Debug iPhoneSimulator|Mixed Platforms
		Debug iPhoneSimulator|Win32 = Debug iPhoneSimulator|Win32
		Debug iPhoneSimulator|x86 = Debug iPhoneSimulator|x86
		Debug|Any CPU = Debug|Any CPU
		Debug|ARM = Debug|ARM
		Debug|Mixed Platforms = Debug|Mixed Platforms
		Debug|Win32 = Debug|Win32
		Debug|x86 = Debug|x86
		DebugIOS|Any CPU = DebugIOS|Any CPU
		DebugIOS|ARM = DebugIOS|ARM
		DebugIOS|Mixed Platforms = DebugIOS|Mixed Platforms
		DebugIOS|Win32 = DebugIOS|Win32
		DebugIOS|x86 = DebugIOS|x86
		DebugWP8|Any CPU = DebugWP8|Any CPU
		DebugWP8|ARM = DebugWP8|ARM
		DebugWP8|Mixed Platforms = DebugWP8|Mixed Platforms
		DebugWP8|Win32 = DebugWP8|Win32
		DebugWP8|x86 = DebugWP8|x86
		Release|Any CPU = Release|Any CPU
		Release|ARM = Release|ARM
		Release|Mixed Platforms = Release|Mixed Platforms
		Release|Win32 = Release|Win32
		Release|x86 = Release|x86
	EndGlobalSection
	GlobalSection(ProjectConfigurationPlatforms) = postSolution
		{5E26988A-4610-4AB6-B62D-D60E0EDB4345}.Debug iOS|Any CPU.ActiveCfg = Debug|Any CPU
		{5E26988A-4610-4AB6-B62D-D60E0EDB4345}.Debug iOS|Any CPU.Build.0 = Debug|Any CPU
		{5E26988A-4610-4AB6-B62D-D60E0EDB4345}.Debug iOS|Any CPU.Deploy.0 = Debug|Any CPU
		{5E26988A-4610-4AB6-B62D-D60E0EDB4345}.Debug iOS|ARM.ActiveCfg = Debug|ARM
		{5E26988A-4610-4AB6-B62D-D60E0EDB4345}.Debug iOS|ARM.Build.0 = Debug|ARM
		{5E26988A-4610-4AB6-B62D-D60E0EDB4345}.Debug iOS|ARM.Deploy.0 = Debug|ARM
		{5E26988A-4610-4AB6-B62D-D60E0EDB4345}.Debug iOS|Mixed Platforms.ActiveCfg = Debug|x86
		{5E26988A-4610-4AB6-B62D-D60E0EDB4345}.Debug iOS|Mixed Platforms.Build.0 = Debug|x86
		{5E26988A-4610-4AB6-B62D-D60E0EDB4345}.Debug iOS|Mixed Platforms.Deploy.0 = Debug|x86
		{5E26988A-4610-4AB6-B62D-D60E0EDB4345}.Debug iOS|Win32.ActiveCfg = Debug|x86
		{5E26988A-4610-4AB6-B62D-D60E0EDB4345}.Debug iOS|Win32.Build.0 = Debug|x86
		{5E26988A-4610-4AB6-B62D-D60E0EDB4345}.Debug iOS|Win32.Deploy.0 = Debug|x86
		{5E26988A-4610-4AB6-B62D-D60E0EDB4345}.Debug iOS|x86.ActiveCfg = Debug|x86
		{5E26988A-4610-4AB6-B62D-D60E0EDB4345}.Debug iOS|x86.Build.0 = Debug|x86
		{5E26988A-4610-4AB6-B62D-D60E0EDB4345}.Debug iOS|x86.Deploy.0 = Debug|x86
		{5E26988A-4610-4AB6-B62D-D60E0EDB4345}.Debug iPhone|Any CPU.ActiveCfg = Debug|Any CPU
		{5E26988A-4610-4AB6-B62D-D60E0EDB4345}.Debug iPhone|Any CPU.Build.0 = Debug|Any CPU
		{5E26988A-4610-4AB6-B62D-D60E0EDB4345}.Debug iPhone|Any CPU.Deploy.0 = Debug|Any CPU
		{5E26988A-4610-4AB6-B62D-D60E0EDB4345}.Debug iPhone|ARM.ActiveCfg = Debug|ARM
		{5E26988A-4610-4AB6-B62D-D60E0EDB4345}.Debug iPhone|ARM.Build.0 = Debug|ARM
		{5E26988A-4610-4AB6-B62D-D60E0EDB4345}.Debug iPhone|ARM.Deploy.0 = Debug|ARM
		{5E26988A-4610-4AB6-B62D-D60E0EDB4345}.Debug iPhone|Mixed Platforms.ActiveCfg = Debug|x86
		{5E26988A-4610-4AB6-B62D-D60E0EDB4345}.Debug iPhone|Mixed Platforms.Build.0 = Debug|x86
		{5E26988A-4610-4AB6-B62D-D60E0EDB4345}.Debug iPhone|Mixed Platforms.Deploy.0 = Debug|x86
		{5E26988A-4610-4AB6-B62D-D60E0EDB4345}.Debug iPhone|Win32.ActiveCfg = Debug|x86
		{5E26988A-4610-4AB6-B62D-D60E0EDB4345}.Debug iPhone|Win32.Build.0 = Debug|x86
		{5E26988A-4610-4AB6-B62D-D60E0EDB4345}.Debug iPhone|Win32.Deploy.0 = Debug|x86
		{5E26988A-4610-4AB6-B62D-D60E0EDB4345}.Debug iPhone|x86.ActiveCfg = Debug|x86
		{5E26988A-4610-4AB6-B62D-D60E0EDB4345}.Debug iPhone|x86.Build.0 = Debug|x86
		{5E26988A-4610-4AB6-B62D-D60E0EDB4345}.Debug iPhone|x86.Deploy.0 = Debug|x86
		{5E26988A-4610-4AB6-B62D-D60E0EDB4345}.Debug iPhoneSimulator|Any CPU.ActiveCfg = Debug|Any CPU
		{5E26988A-4610-4AB6-B62D-D60E0EDB4345}.Debug iPhoneSimulator|Any CPU.Build.0 = Debug|Any CPU
		{5E26988A-4610-4AB6-B62D-D60E0EDB4345}.Debug iPhoneSimulator|Any CPU.Deploy.0 = Debug|Any CPU
		{5E26988A-4610-4AB6-B62D-D60E0EDB4345}.Debug iPhoneSimulator|ARM.ActiveCfg = Debug|ARM
		{5E26988A-4610-4AB6-B62D-D60E0EDB4345}.Debug iPhoneSimulator|ARM.Build.0 = Debug|ARM
		{5E26988A-4610-4AB6-B62D-D60E0EDB4345}.Debug iPhoneSimulator|ARM.Deploy.0 = Debug|ARM
		{5E26988A-4610-4AB6-B62D-D60E0EDB4345}.Debug iPhoneSimulator|Mixed Platforms.ActiveCfg = Debug|x86
		{5E26988A-4610-4AB6-B62D-D60E0EDB4345}.Debug iPhoneSimulator|Mixed Platforms.Build.0 = Debug|x86
		{5E26988A-4610-4AB6-B62D-D60E0EDB4345}.Debug iPhoneSimulator|Mixed Platforms.Deploy.0 = Debug|x86
		{5E26988A-4610-4AB6-B62D-D60E0EDB4345}.Debug iPhoneSimulator|Win32.ActiveCfg = Debug|x86
		{5E26988A-4610-4AB6-B62D-D60E0EDB4345}.Debug iPhoneSimulator|Win32.Build.0 = Debug|x86
		{5E26988A-4610-4AB6-B62D-D60E0EDB4345}.Debug iPhoneSimulator|Win32.Deploy.0 = Debug|x86
		{5E26988A-4610-4AB6-B62D-D60E0EDB4345}.Debug iPhoneSimulator|x86.ActiveCfg = Debug|x86
		{5E26988A-4610-4AB6-B62D-D60E0EDB4345}.Debug iPhoneSimulator|x86.Build.0 = Debug|x86
		{5E26988A-4610-4AB6-B62D-D60E0EDB4345}.Debug iPhoneSimulator|x86.Deploy.0 = Debug|x86
		{5E26988A-4610-4AB6-B62D-D60E0EDB4345}.Debug|Any CPU.ActiveCfg = Debug|Any CPU
		{5E26988A-4610-4AB6-B62D-D60E0EDB4345}.Debug|Any CPU.Build.0 = Debug|Any CPU
		{5E26988A-4610-4AB6-B62D-D60E0EDB4345}.Debug|Any CPU.Deploy.0 = Debug|Any CPU
		{5E26988A-4610-4AB6-B62D-D60E0EDB4345}.Debug|ARM.ActiveCfg = Debug|ARM
		{5E26988A-4610-4AB6-B62D-D60E0EDB4345}.Debug|ARM.Build.0 = Debug|ARM
		{5E26988A-4610-4AB6-B62D-D60E0EDB4345}.Debug|ARM.Deploy.0 = Debug|ARM
		{5E26988A-4610-4AB6-B62D-D60E0EDB4345}.Debug|Mixed Platforms.ActiveCfg = Debug|x86
		{5E26988A-4610-4AB6-B62D-D60E0EDB4345}.Debug|Mixed Platforms.Build.0 = Debug|x86
		{5E26988A-4610-4AB6-B62D-D60E0EDB4345}.Debug|Mixed Platforms.Deploy.0 = Debug|x86
		{5E26988A-4610-4AB6-B62D-D60E0EDB4345}.Debug|Win32.ActiveCfg = Debug|x86
		{5E26988A-4610-4AB6-B62D-D60E0EDB4345}.Debug|Win32.Build.0 = Debug|x86
		{5E26988A-4610-4AB6-B62D-D60E0EDB4345}.Debug|Win32.Deploy.0 = Debug|x86
		{5E26988A-4610-4AB6-B62D-D60E0EDB4345}.Debug|x86.ActiveCfg = Debug|x86
		{5E26988A-4610-4AB6-B62D-D60E0EDB4345}.Debug|x86.Build.0 = Debug|x86
		{5E26988A-4610-4AB6-B62D-D60E0EDB4345}.Debug|x86.Deploy.0 = Debug|x86
		{5E26988A-4610-4AB6-B62D-D60E0EDB4345}.DebugIOS|Any CPU.ActiveCfg = Debug|Any CPU
		{5E26988A-4610-4AB6-B62D-D60E0EDB4345}.DebugIOS|Any CPU.Build.0 = Debug|Any CPU
		{5E26988A-4610-4AB6-B62D-D60E0EDB4345}.DebugIOS|Any CPU.Deploy.0 = Debug|Any CPU
		{5E26988A-4610-4AB6-B62D-D60E0EDB4345}.DebugIOS|ARM.ActiveCfg = Debug|ARM
		{5E26988A-4610-4AB6-B62D-D60E0EDB4345}.DebugIOS|ARM.Build.0 = Debug|ARM
		{5E26988A-4610-4AB6-B62D-D60E0EDB4345}.DebugIOS|ARM.Deploy.0 = Debug|ARM
		{5E26988A-4610-4AB6-B62D-D60E0EDB4345}.DebugIOS|Mixed Platforms.ActiveCfg = Debug|x86
		{5E26988A-4610-4AB6-B62D-D60E0EDB4345}.DebugIOS|Mixed Platforms.Build.0 = Debug|x86
		{5E26988A-4610-4AB6-B62D-D60E0EDB4345}.DebugIOS|Mixed Platforms.Deploy.0 = Debug|x86
		{5E26988A-4610-4AB6-B62D-D60E0EDB4345}.DebugIOS|Win32.ActiveCfg = Debug|x86
		{5E26988A-4610-4AB6-B62D-D60E0EDB4345}.DebugIOS|Win32.Build.0 = Debug|x86
		{5E26988A-4610-4AB6-B62D-D60E0EDB4345}.DebugIOS|Win32.Deploy.0 = Debug|x86
		{5E26988A-4610-4AB6-B62D-D60E0EDB4345}.DebugIOS|x86.ActiveCfg = Debug|x86
		{5E26988A-4610-4AB6-B62D-D60E0EDB4345}.DebugIOS|x86.Build.0 = Debug|x86
		{5E26988A-4610-4AB6-B62D-D60E0EDB4345}.DebugIOS|x86.Deploy.0 = Debug|x86
		{5E26988A-4610-4AB6-B62D-D60E0EDB4345}.DebugWP8|Any CPU.ActiveCfg = Debug|Any CPU
		{5E26988A-4610-4AB6-B62D-D60E0EDB4345}.DebugWP8|Any CPU.Build.0 = Debug|Any CPU
		{5E26988A-4610-4AB6-B62D-D60E0EDB4345}.DebugWP8|Any CPU.Deploy.0 = Debug|Any CPU
		{5E26988A-4610-4AB6-B62D-D60E0EDB4345}.DebugWP8|ARM.ActiveCfg = Debug|ARM
		{5E26988A-4610-4AB6-B62D-D60E0EDB4345}.DebugWP8|ARM.Build.0 = Debug|ARM
		{5E26988A-4610-4AB6-B62D-D60E0EDB4345}.DebugWP8|ARM.Deploy.0 = Debug|ARM
		{5E26988A-4610-4AB6-B62D-D60E0EDB4345}.DebugWP8|Mixed Platforms.ActiveCfg = Debug|x86
		{5E26988A-4610-4AB6-B62D-D60E0EDB4345}.DebugWP8|Mixed Platforms.Build.0 = Debug|x86
		{5E26988A-4610-4AB6-B62D-D60E0EDB4345}.DebugWP8|Mixed Platforms.Deploy.0 = Debug|x86
		{5E26988A-4610-4AB6-B62D-D60E0EDB4345}.DebugWP8|Win32.ActiveCfg = Debug|x86
		{5E26988A-4610-4AB6-B62D-D60E0EDB4345}.DebugWP8|Win32.Build.0 = Debug|x86
		{5E26988A-4610-4AB6-B62D-D60E0EDB4345}.DebugWP8|Win32.Deploy.0 = Debug|x86
		{5E26988A-4610-4AB6-B62D-D60E0EDB4345}.DebugWP8|x86.ActiveCfg = Debug|x86
		{5E26988A-4610-4AB6-B62D-D60E0EDB4345}.DebugWP8|x86.Build.0 = Debug|x86
		{5E26988A-4610-4AB6-B62D-D60E0EDB4345}.DebugWP8|x86.Deploy.0 = Debug|x86
		{5E26988A-4610-4AB6-B62D-D60E0EDB4345}.Release|Any CPU.ActiveCfg = Release|Any CPU
		{5E26988A-4610-4AB6-B62D-D60E0EDB4345}.Release|Any CPU.Build.0 = Release|Any CPU
		{5E26988A-4610-4AB6-B62D-D60E0EDB4345}.Release|Any CPU.Deploy.0 = Release|Any CPU
		{5E26988A-4610-4AB6-B62D-D60E0EDB4345}.Release|ARM.ActiveCfg = Release|ARM
		{5E26988A-4610-4AB6-B62D-D60E0EDB4345}.Release|ARM.Build.0 = Release|ARM
		{5E26988A-4610-4AB6-B62D-D60E0EDB4345}.Release|ARM.Deploy.0 = Release|ARM
		{5E26988A-4610-4AB6-B62D-D60E0EDB4345}.Release|Mixed Platforms.ActiveCfg = Release|x86
		{5E26988A-4610-4AB6-B62D-D60E0EDB4345}.Release|Mixed Platforms.Build.0 = Release|x86
		{5E26988A-4610-4AB6-B62D-D60E0EDB4345}.Release|Mixed Platforms.Deploy.0 = Release|x86
		{5E26988A-4610-4AB6-B62D-D60E0EDB4345}.Release|Win32.ActiveCfg = Release|x86
		{5E26988A-4610-4AB6-B62D-D60E0EDB4345}.Release|Win32.Build.0 = Release|x86
		{5E26988A-4610-4AB6-B62D-D60E0EDB4345}.Release|Win32.Deploy.0 = Release|x86
		{5E26988A-4610-4AB6-B62D-D60E0EDB4345}.Release|x86.ActiveCfg = Release|x86
		{5E26988A-4610-4AB6-B62D-D60E0EDB4345}.Release|x86.Build.0 = Release|x86
		{5E26988A-4610-4AB6-B62D-D60E0EDB4345}.Release|x86.Deploy.0 = Release|x86
		{43BA84C1-586E-4073-82A6-A67A90688959}.Debug iOS|Any CPU.ActiveCfg = Debug|Any CPU
		{43BA84C1-586E-4073-82A6-A67A90688959}.Debug iOS|Any CPU.Build.0 = Debug|Any CPU
		{43BA84C1-586E-4073-82A6-A67A90688959}.Debug iOS|ARM.ActiveCfg = Debug|ARM
		{43BA84C1-586E-4073-82A6-A67A90688959}.Debug iOS|ARM.Build.0 = Debug|ARM
		{43BA84C1-586E-4073-82A6-A67A90688959}.Debug iOS|Mixed Platforms.ActiveCfg = Debug|x86
		{43BA84C1-586E-4073-82A6-A67A90688959}.Debug iOS|Mixed Platforms.Build.0 = Debug|x86
		{43BA84C1-586E-4073-82A6-A67A90688959}.Debug iOS|Win32.ActiveCfg = Debug|x86
		{43BA84C1-586E-4073-82A6-A67A90688959}.Debug iOS|Win32.Build.0 = Debug|x86
		{43BA84C1-586E-4073-82A6-A67A90688959}.Debug iOS|x86.ActiveCfg = Debug|x86
		{43BA84C1-586E-4073-82A6-A67A90688959}.Debug iOS|x86.Build.0 = Debug|x86
		{43BA84C1-586E-4073-82A6-A67A90688959}.Debug iPhone|Any CPU.ActiveCfg = Debug|Any CPU
		{43BA84C1-586E-4073-82A6-A67A90688959}.Debug iPhone|Any CPU.Build.0 = Debug|Any CPU
		{43BA84C1-586E-4073-82A6-A67A90688959}.Debug iPhone|ARM.ActiveCfg = Debug|ARM
		{43BA84C1-586E-4073-82A6-A67A90688959}.Debug iPhone|ARM.Build.0 = Debug|ARM
		{43BA84C1-586E-4073-82A6-A67A90688959}.Debug iPhone|Mixed Platforms.ActiveCfg = Debug|x86
		{43BA84C1-586E-4073-82A6-A67A90688959}.Debug iPhone|Mixed Platforms.Build.0 = Debug|x86
		{43BA84C1-586E-4073-82A6-A67A90688959}.Debug iPhone|Win32.ActiveCfg = Debug|x86
		{43BA84C1-586E-4073-82A6-A67A90688959}.Debug iPhone|Win32.Build.0 = Debug|x86
		{43BA84C1-586E-4073-82A6-A67A90688959}.Debug iPhone|x86.ActiveCfg = Debug|x86
		{43BA84C1-586E-4073-82A6-A67A90688959}.Debug iPhone|x86.Build.0 = Debug|x86
		{43BA84C1-586E-4073-82A6-A67A90688959}.Debug iPhoneSimulator|Any CPU.ActiveCfg = Debug|Any CPU
		{43BA84C1-586E-4073-82A6-A67A90688959}.Debug iPhoneSimulator|Any CPU.Build.0 = Debug|Any CPU
		{43BA84C1-586E-4073-82A6-A67A90688959}.Debug iPhoneSimulator|ARM.ActiveCfg = Debug|ARM
		{43BA84C1-586E-4073-82A6-A67A90688959}.Debug iPhoneSimulator|ARM.Build.0 = Debug|ARM
		{43BA84C1-586E-4073-82A6-A67A90688959}.Debug iPhoneSimulator|Mixed Platforms.ActiveCfg = Debug|x86
		{43BA84C1-586E-4073-82A6-A67A90688959}.Debug iPhoneSimulator|Mixed Platforms.Build.0 = Debug|x86
		{43BA84C1-586E-4073-82A6-A67A90688959}.Debug iPhoneSimulator|Win32.ActiveCfg = Debug|x86
		{43BA84C1-586E-4073-82A6-A67A90688959}.Debug iPhoneSimulator|Win32.Build.0 = Debug|x86
		{43BA84C1-586E-4073-82A6-A67A90688959}.Debug iPhoneSimulator|x86.ActiveCfg = Debug|x86
		{43BA84C1-586E-4073-82A6-A67A90688959}.Debug iPhoneSimulator|x86.Build.0 = Debug|x86
		{43BA84C1-586E-4073-82A6-A67A90688959}.Debug|Any CPU.ActiveCfg = Debug|Any CPU
		{43BA84C1-586E-4073-82A6-A67A90688959}.Debug|Any CPU.Build.0 = Debug|Any CPU
		{43BA84C1-586E-4073-82A6-A67A90688959}.Debug|ARM.ActiveCfg = Debug|ARM
		{43BA84C1-586E-4073-82A6-A67A90688959}.Debug|ARM.Build.0 = Debug|ARM
		{43BA84C1-586E-4073-82A6-A67A90688959}.Debug|Mixed Platforms.ActiveCfg = Debug|x86
		{43BA84C1-586E-4073-82A6-A67A90688959}.Debug|Mixed Platforms.Build.0 = Debug|x86
		{43BA84C1-586E-4073-82A6-A67A90688959}.Debug|Win32.ActiveCfg = Debug|x86
		{43BA84C1-586E-4073-82A6-A67A90688959}.Debug|Win32.Build.0 = Debug|x86
		{43BA84C1-586E-4073-82A6-A67A90688959}.Debug|x86.ActiveCfg = Debug|x86
		{43BA84C1-586E-4073-82A6-A67A90688959}.Debug|x86.Build.0 = Debug|x86
		{43BA84C1-586E-4073-82A6-A67A90688959}.DebugIOS|Any CPU.ActiveCfg = Debug|Any CPU
		{43BA84C1-586E-4073-82A6-A67A90688959}.DebugIOS|Any CPU.Build.0 = Debug|Any CPU
		{43BA84C1-586E-4073-82A6-A67A90688959}.DebugIOS|ARM.ActiveCfg = Debug|ARM
		{43BA84C1-586E-4073-82A6-A67A90688959}.DebugIOS|ARM.Build.0 = Debug|ARM
		{43BA84C1-586E-4073-82A6-A67A90688959}.DebugIOS|Mixed Platforms.ActiveCfg = Debug|x86
		{43BA84C1-586E-4073-82A6-A67A90688959}.DebugIOS|Mixed Platforms.Build.0 = Debug|x86
		{43BA84C1-586E-4073-82A6-A67A90688959}.DebugIOS|Win32.ActiveCfg = Debug|x86
		{43BA84C1-586E-4073-82A6-A67A90688959}.DebugIOS|Win32.Build.0 = Debug|x86
		{43BA84C1-586E-4073-82A6-A67A90688959}.DebugIOS|x86.ActiveCfg = Debug|x86
		{43BA84C1-586E-4073-82A6-A67A90688959}.DebugIOS|x86.Build.0 = Debug|x86
		{43BA84C1-586E-4073-82A6-A67A90688959}.DebugWP8|Any CPU.ActiveCfg = Debug|Any CPU
		{43BA84C1-586E-4073-82A6-A67A90688959}.DebugWP8|Any CPU.Build.0 = Debug|Any CPU
		{43BA84C1-586E-4073-82A6-A67A90688959}.DebugWP8|ARM.ActiveCfg = Debug|ARM
		{43BA84C1-586E-4073-82A6-A67A90688959}.DebugWP8|ARM.Build.0 = Debug|ARM
		{43BA84C1-586E-4073-82A6-A67A90688959}.DebugWP8|Mixed Platforms.ActiveCfg = Debug|x86
		{43BA84C1-586E-4073-82A6-A67A90688959}.DebugWP8|Mixed Platforms.Build.0 = Debug|x86
		{43BA84C1-586E-4073-82A6-A67A90688959}.DebugWP8|Win32.ActiveCfg = Debug|x86
		{43BA84C1-586E-4073-82A6-A67A90688959}.DebugWP8|Win32.Build.0 = Debug|x86
		{43BA84C1-586E-4073-82A6-A67A90688959}.DebugWP8|x86.ActiveCfg = Debug|x86
		{43BA84C1-586E-4073-82A6-A67A90688959}.DebugWP8|x86.Build.0 = Debug|x86
		{43BA84C1-586E-4073-82A6-A67A90688959}.Release|Any CPU.ActiveCfg = Release|Any CPU
		{43BA84C1-586E-4073-82A6-A67A90688959}.Release|Any CPU.Build.0 = Release|Any CPU
		{43BA84C1-586E-4073-82A6-A67A90688959}.Release|ARM.ActiveCfg = Release|ARM
		{43BA84C1-586E-4073-82A6-A67A90688959}.Release|ARM.Build.0 = Release|ARM
		{43BA84C1-586E-4073-82A6-A67A90688959}.Release|Mixed Platforms.ActiveCfg = Release|x86
		{43BA84C1-586E-4073-82A6-A67A90688959}.Release|Mixed Platforms.Build.0 = Release|x86
		{43BA84C1-586E-4073-82A6-A67A90688959}.Release|Win32.ActiveCfg = Release|x86
		{43BA84C1-586E-4073-82A6-A67A90688959}.Release|Win32.Build.0 = Release|x86
		{43BA84C1-586E-4073-82A6-A67A90688959}.Release|x86.ActiveCfg = Release|x86
		{43BA84C1-586E-4073-82A6-A67A90688959}.Release|x86.Build.0 = Release|x86
		{3CFD5719-5A28-4A7C-9613-A55128C50FBC}.Debug iOS|Any CPU.ActiveCfg = Debug|Any CPU
		{3CFD5719-5A28-4A7C-9613-A55128C50FBC}.Debug iOS|Any CPU.Build.0 = Debug|Any CPU
		{3CFD5719-5A28-4A7C-9613-A55128C50FBC}.Debug iOS|ARM.ActiveCfg = Debug|ARM
		{3CFD5719-5A28-4A7C-9613-A55128C50FBC}.Debug iOS|ARM.Build.0 = Debug|ARM
		{3CFD5719-5A28-4A7C-9613-A55128C50FBC}.Debug iOS|Mixed Platforms.ActiveCfg = Debug|x86
		{3CFD5719-5A28-4A7C-9613-A55128C50FBC}.Debug iOS|Mixed Platforms.Build.0 = Debug|x86
		{3CFD5719-5A28-4A7C-9613-A55128C50FBC}.Debug iOS|Win32.ActiveCfg = Debug|x86
		{3CFD5719-5A28-4A7C-9613-A55128C50FBC}.Debug iOS|Win32.Build.0 = Debug|x86
		{3CFD5719-5A28-4A7C-9613-A55128C50FBC}.Debug iOS|x86.ActiveCfg = Debug|x86
		{3CFD5719-5A28-4A7C-9613-A55128C50FBC}.Debug iOS|x86.Build.0 = Debug|x86
		{3CFD5719-5A28-4A7C-9613-A55128C50FBC}.Debug iPhone|Any CPU.ActiveCfg = Debug|Any CPU
		{3CFD5719-5A28-4A7C-9613-A55128C50FBC}.Debug iPhone|Any CPU.Build.0 = Debug|Any CPU
		{3CFD5719-5A28-4A7C-9613-A55128C50FBC}.Debug iPhone|ARM.ActiveCfg = Debug|ARM
		{3CFD5719-5A28-4A7C-9613-A55128C50FBC}.Debug iPhone|ARM.Build.0 = Debug|ARM
		{3CFD5719-5A28-4A7C-9613-A55128C50FBC}.Debug iPhone|Mixed Platforms.ActiveCfg = Debug|x86
		{3CFD5719-5A28-4A7C-9613-A55128C50FBC}.Debug iPhone|Mixed Platforms.Build.0 = Debug|x86
		{3CFD5719-5A28-4A7C-9613-A55128C50FBC}.Debug iPhone|Win32.ActiveCfg = Debug|x86
		{3CFD5719-5A28-4A7C-9613-A55128C50FBC}.Debug iPhone|Win32.Build.0 = Debug|x86
		{3CFD5719-5A28-4A7C-9613-A55128C50FBC}.Debug iPhone|x86.ActiveCfg = Debug|x86
		{3CFD5719-5A28-4A7C-9613-A55128C50FBC}.Debug iPhone|x86.Build.0 = Debug|x86
		{3CFD5719-5A28-4A7C-9613-A55128C50FBC}.Debug iPhoneSimulator|Any CPU.ActiveCfg = Debug|Any CPU
		{3CFD5719-5A28-4A7C-9613-A55128C50FBC}.Debug iPhoneSimulator|Any CPU.Build.0 = Debug|Any CPU
		{3CFD5719-5A28-4A7C-9613-A55128C50FBC}.Debug iPhoneSimulator|ARM.ActiveCfg = Debug|ARM
		{3CFD5719-5A28-4A7C-9613-A55128C50FBC}.Debug iPhoneSimulator|ARM.Build.0 = Debug|ARM
		{3CFD5719-5A28-4A7C-9613-A55128C50FBC}.Debug iPhoneSimulator|Mixed Platforms.ActiveCfg = Debug|x86
		{3CFD5719-5A28-4A7C-9613-A55128C50FBC}.Debug iPhoneSimulator|Mixed Platforms.Build.0 = Debug|x86
		{3CFD5719-5A28-4A7C-9613-A55128C50FBC}.Debug iPhoneSimulator|Win32.ActiveCfg = Debug|x86
		{3CFD5719-5A28-4A7C-9613-A55128C50FBC}.Debug iPhoneSimulator|Win32.Build.0 = Debug|x86
		{3CFD5719-5A28-4A7C-9613-A55128C50FBC}.Debug iPhoneSimulator|x86.ActiveCfg = Debug|x86
		{3CFD5719-5A28-4A7C-9613-A55128C50FBC}.Debug iPhoneSimulator|x86.Build.0 = Debug|x86
		{3CFD5719-5A28-4A7C-9613-A55128C50FBC}.Debug|Any CPU.ActiveCfg = Debug|Any CPU
		{3CFD5719-5A28-4A7C-9613-A55128C50FBC}.Debug|Any CPU.Build.0 = Debug|Any CPU
		{3CFD5719-5A28-4A7C-9613-A55128C50FBC}.Debug|ARM.ActiveCfg = Debug|ARM
		{3CFD5719-5A28-4A7C-9613-A55128C50FBC}.Debug|ARM.Build.0 = Debug|ARM
		{3CFD5719-5A28-4A7C-9613-A55128C50FBC}.Debug|Mixed Platforms.ActiveCfg = Debug|x86
		{3CFD5719-5A28-4A7C-9613-A55128C50FBC}.Debug|Mixed Platforms.Build.0 = Debug|x86
		{3CFD5719-5A28-4A7C-9613-A55128C50FBC}.Debug|Win32.ActiveCfg = Debug|x86
		{3CFD5719-5A28-4A7C-9613-A55128C50FBC}.Debug|Win32.Build.0 = Debug|x86
		{3CFD5719-5A28-4A7C-9613-A55128C50FBC}.Debug|x86.ActiveCfg = Debug|x86
		{3CFD5719-5A28-4A7C-9613-A55128C50FBC}.Debug|x86.Build.0 = Debug|x86
		{3CFD5719-5A28-4A7C-9613-A55128C50FBC}.DebugIOS|Any CPU.ActiveCfg = Debug|Any CPU
		{3CFD5719-5A28-4A7C-9613-A55128C50FBC}.DebugIOS|Any CPU.Build.0 = Debug|Any CPU
		{3CFD5719-5A28-4A7C-9613-A55128C50FBC}.DebugIOS|ARM.ActiveCfg = Debug|ARM
		{3CFD5719-5A28-4A7C-9613-A55128C50FBC}.DebugIOS|ARM.Build.0 = Debug|ARM
		{3CFD5719-5A28-4A7C-9613-A55128C50FBC}.DebugIOS|Mixed Platforms.ActiveCfg = Debug|x86
		{3CFD5719-5A28-4A7C-9613-A55128C50FBC}.DebugIOS|Mixed Platforms.Build.0 = Debug|x86
		{3CFD5719-5A28-4A7C-9613-A55128C50FBC}.DebugIOS|Win32.ActiveCfg = Debug|x86
		{3CFD5719-5A28-4A7C-9613-A55128C50FBC}.DebugIOS|Win32.Build.0 = Debug|x86
		{3CFD5719-5A28-4A7C-9613-A55128C50FBC}.DebugIOS|x86.ActiveCfg = Debug|x86
		{3CFD5719-5A28-4A7C-9613-A55128C50FBC}.DebugIOS|x86.Build.0 = Debug|x86
		{3CFD5719-5A28-4A7C-9613-A55128C50FBC}.DebugWP8|Any CPU.ActiveCfg = Debug|Any CPU
		{3CFD5719-5A28-4A7C-9613-A55128C50FBC}.DebugWP8|Any CPU.Build.0 = Debug|Any CPU
		{3CFD5719-5A28-4A7C-9613-A55128C50FBC}.DebugWP8|ARM.ActiveCfg = Debug|ARM
		{3CFD5719-5A28-4A7C-9613-A55128C50FBC}.DebugWP8|ARM.Build.0 = Debug|ARM
		{3CFD5719-5A28-4A7C-9613-A55128C50FBC}.DebugWP8|Mixed Platforms.ActiveCfg = Debug|x86
		{3CFD5719-5A28-4A7C-9613-A55128C50FBC}.DebugWP8|Mixed Platforms.Build.0 = Debug|x86
		{3CFD5719-5A28-4A7C-9613-A55128C50FBC}.DebugWP8|Win32.ActiveCfg = Debug|x86
		{3CFD5719-5A28-4A7C-9613-A55128C50FBC}.DebugWP8|Win32.Build.0 = Debug|x86
		{3CFD5719-5A28-4A7C-9613-A55128C50FBC}.DebugWP8|x86.ActiveCfg = Debug|x86
		{3CFD5719-5A28-4A7C-9613-A55128C50FBC}.DebugWP8|x86.Build.0 = Debug|x86
		{3CFD5719-5A28-4A7C-9613-A55128C50FBC}.Release|Any CPU.ActiveCfg = Release|Any CPU
		{3CFD5719-5A28-4A7C-9613-A55128C50FBC}.Release|Any CPU.Build.0 = Release|Any CPU
		{3CFD5719-5A28-4A7C-9613-A55128C50FBC}.Release|ARM.ActiveCfg = Release|ARM
		{3CFD5719-5A28-4A7C-9613-A55128C50FBC}.Release|ARM.Build.0 = Release|ARM
		{3CFD5719-5A28-4A7C-9613-A55128C50FBC}.Release|Mixed Platforms.ActiveCfg = Release|x86
		{3CFD5719-5A28-4A7C-9613-A55128C50FBC}.Release|Mixed Platforms.Build.0 = Release|x86
		{3CFD5719-5A28-4A7C-9613-A55128C50FBC}.Release|Win32.ActiveCfg = Release|x86
		{3CFD5719-5A28-4A7C-9613-A55128C50FBC}.Release|Win32.Build.0 = Release|x86
		{3CFD5719-5A28-4A7C-9613-A55128C50FBC}.Release|x86.ActiveCfg = Release|x86
		{3CFD5719-5A28-4A7C-9613-A55128C50FBC}.Release|x86.Build.0 = Release|x86
		{905530EF-B4B8-4E5C-B62E-4540563AE3E0}.Debug iOS|Any CPU.ActiveCfg = Debug|Any CPU
		{905530EF-B4B8-4E5C-B62E-4540563AE3E0}.Debug iOS|Any CPU.Build.0 = Debug|Any CPU
		{905530EF-B4B8-4E5C-B62E-4540563AE3E0}.Debug iOS|ARM.ActiveCfg = Debug|ARM
		{905530EF-B4B8-4E5C-B62E-4540563AE3E0}.Debug iOS|ARM.Build.0 = Debug|ARM
		{905530EF-B4B8-4E5C-B62E-4540563AE3E0}.Debug iOS|Mixed Platforms.ActiveCfg = Debug|x86
		{905530EF-B4B8-4E5C-B62E-4540563AE3E0}.Debug iOS|Mixed Platforms.Build.0 = Debug|x86
		{905530EF-B4B8-4E5C-B62E-4540563AE3E0}.Debug iOS|Win32.ActiveCfg = Debug|x86
		{905530EF-B4B8-4E5C-B62E-4540563AE3E0}.Debug iOS|Win32.Build.0 = Debug|x86
		{905530EF-B4B8-4E5C-B62E-4540563AE3E0}.Debug iOS|x86.ActiveCfg = Debug|x86
		{905530EF-B4B8-4E5C-B62E-4540563AE3E0}.Debug iOS|x86.Build.0 = Debug|x86
		{905530EF-B4B8-4E5C-B62E-4540563AE3E0}.Debug iPhone|Any CPU.ActiveCfg = Debug|Any CPU
		{905530EF-B4B8-4E5C-B62E-4540563AE3E0}.Debug iPhone|Any CPU.Build.0 = Debug|Any CPU
		{905530EF-B4B8-4E5C-B62E-4540563AE3E0}.Debug iPhone|ARM.ActiveCfg = Debug|ARM
		{905530EF-B4B8-4E5C-B62E-4540563AE3E0}.Debug iPhone|ARM.Build.0 = Debug|ARM
		{905530EF-B4B8-4E5C-B62E-4540563AE3E0}.Debug iPhone|Mixed Platforms.ActiveCfg = Debug|x86
		{905530EF-B4B8-4E5C-B62E-4540563AE3E0}.Debug iPhone|Mixed Platforms.Build.0 = Debug|x86
		{905530EF-B4B8-4E5C-B62E-4540563AE3E0}.Debug iPhone|Win32.ActiveCfg = Debug|x86
		{905530EF-B4B8-4E5C-B62E-4540563AE3E0}.Debug iPhone|Win32.Build.0 = Debug|x86
		{905530EF-B4B8-4E5C-B62E-4540563AE3E0}.Debug iPhone|x86.ActiveCfg = Debug|x86
		{905530EF-B4B8-4E5C-B62E-4540563AE3E0}.Debug iPhone|x86.Build.0 = Debug|x86
		{905530EF-B4B8-4E5C-B62E-4540563AE3E0}.Debug iPhoneSimulator|Any CPU.ActiveCfg = Debug|Any CPU
		{905530EF-B4B8-4E5C-B62E-4540563AE3E0}.Debug iPhoneSimulator|Any CPU.Build.0 = Debug|Any CPU
		{905530EF-B4B8-4E5C-B62E-4540563AE3E0}.Debug iPhoneSimulator|ARM.ActiveCfg = Debug|ARM
		{905530EF-B4B8-4E5C-B62E-4540563AE3E0}.Debug iPhoneSimulator|ARM.Build.0 = Debug|ARM
		{905530EF-B4B8-4E5C-B62E-4540563AE3E0}.Debug iPhoneSimulator|Mixed Platforms.ActiveCfg = Debug|x86
		{905530EF-B4B8-4E5C-B62E-4540563AE3E0}.Debug iPhoneSimulator|Mixed Platforms.Build.0 = Debug|x86
		{905530EF-B4B8-4E5C-B62E-4540563AE3E0}.Debug iPhoneSimulator|Win32.ActiveCfg = Debug|x86
		{905530EF-B4B8-4E5C-B62E-4540563AE3E0}.Debug iPhoneSimulator|Win32.Build.0 = Debug|x86
		{905530EF-B4B8-4E5C-B62E-4540563AE3E0}.Debug iPhoneSimulator|x86.ActiveCfg = Debug|x86
		{905530EF-B4B8-4E5C-B62E-4540563AE3E0}.Debug iPhoneSimulator|x86.Build.0 = Debug|x86
		{905530EF-B4B8-4E5C-B62E-4540563AE3E0}.Debug|Any CPU.ActiveCfg = Debug|Any CPU
		{905530EF-B4B8-4E5C-B62E-4540563AE3E0}.Debug|Any CPU.Build.0 = Debug|Any CPU
		{905530EF-B4B8-4E5C-B62E-4540563AE3E0}.Debug|ARM.ActiveCfg = Debug|ARM
		{905530EF-B4B8-4E5C-B62E-4540563AE3E0}.Debug|ARM.Build.0 = Debug|ARM
		{905530EF-B4B8-4E5C-B62E-4540563AE3E0}.Debug|Mixed Platforms.ActiveCfg = Debug|x86
		{905530EF-B4B8-4E5C-B62E-4540563AE3E0}.Debug|Mixed Platforms.Build.0 = Debug|x86
		{905530EF-B4B8-4E5C-B62E-4540563AE3E0}.Debug|Win32.ActiveCfg = Debug|x86
		{905530EF-B4B8-4E5C-B62E-4540563AE3E0}.Debug|Win32.Build.0 = Debug|x86
		{905530EF-B4B8-4E5C-B62E-4540563AE3E0}.Debug|x86.ActiveCfg = Debug|x86
		{905530EF-B4B8-4E5C-B62E-4540563AE3E0}.Debug|x86.Build.0 = Debug|x86
		{905530EF-B4B8-4E5C-B62E-4540563AE3E0}.DebugIOS|Any CPU.ActiveCfg = Debug|Any CPU
		{905530EF-B4B8-4E5C-B62E-4540563AE3E0}.DebugIOS|Any CPU.Build.0 = Debug|Any CPU
		{905530EF-B4B8-4E5C-B62E-4540563AE3E0}.DebugIOS|ARM.ActiveCfg = Debug|ARM
		{905530EF-B4B8-4E5C-B62E-4540563AE3E0}.DebugIOS|ARM.Build.0 = Debug|ARM
		{905530EF-B4B8-4E5C-B62E-4540563AE3E0}.DebugIOS|Mixed Platforms.ActiveCfg = Debug|x86
		{905530EF-B4B8-4E5C-B62E-4540563AE3E0}.DebugIOS|Mixed Platforms.Build.0 = Debug|x86
		{905530EF-B4B8-4E5C-B62E-4540563AE3E0}.DebugIOS|Win32.ActiveCfg = Debug|x86
		{905530EF-B4B8-4E5C-B62E-4540563AE3E0}.DebugIOS|Win32.Build.0 = Debug|x86
		{905530EF-B4B8-4E5C-B62E-4540563AE3E0}.DebugIOS|x86.ActiveCfg = Debug|x86
		{905530EF-B4B8-4E5C-B62E-4540563AE3E0}.DebugIOS|x86.Build.0 = Debug|x86
		{905530EF-B4B8-4E5C-B62E-4540563AE3E0}.DebugWP8|Any CPU.ActiveCfg = Debug|Any CPU
		{905530EF-B4B8-4E5C-B62E-4540563AE3E0}.DebugWP8|Any CPU.Build.0 = Debug|Any CPU
		{905530EF-B4B8-4E5C-B62E-4540563AE3E0}.DebugWP8|ARM.ActiveCfg = Debug|ARM
		{905530EF-B4B8-4E5C-B62E-4540563AE3E0}.DebugWP8|ARM.Build.0 = Debug|ARM
		{905530EF-B4B8-4E5C-B62E-4540563AE3E0}.DebugWP8|Mixed Platforms.ActiveCfg = Debug|x86
		{905530EF-B4B8-4E5C-B62E-4540563AE3E0}.DebugWP8|Mixed Platforms.Build.0 = Debug|x86
		{905530EF-B4B8-4E5C-B62E-4540563AE3E0}.DebugWP8|Win32.ActiveCfg = Debug|x86
		{905530EF-B4B8-4E5C-B62E-4540563AE3E0}.DebugWP8|Win32.Build.0 = Debug|x86
		{905530EF-B4B8-4E5C-B62E-4540563AE3E0}.DebugWP8|x86.ActiveCfg = Debug|x86
		{905530EF-B4B8-4E5C-B62E-4540563AE3E0}.DebugWP8|x86.Build.0 = Debug|x86
		{905530EF-B4B8-4E5C-B62E-4540563AE3E0}.Release|Any CPU.ActiveCfg = Release|Any CPU
		{905530EF-B4B8-4E5C-B62E-4540563AE3E0}.Release|Any CPU.Build.0 = Release|Any CPU
		{905530EF-B4B8-4E5C-B62E-4540563AE3E0}.Release|ARM.ActiveCfg = Release|ARM
		{905530EF-B4B8-4E5C-B62E-4540563AE3E0}.Release|ARM.Build.0 = Release|ARM
		{905530EF-B4B8-4E5C-B62E-4540563AE3E0}.Release|Mixed Platforms.ActiveCfg = Release|x86
		{905530EF-B4B8-4E5C-B62E-4540563AE3E0}.Release|Mixed Platforms.Build.0 = Release|x86
		{905530EF-B4B8-4E5C-B62E-4540563AE3E0}.Release|Win32.ActiveCfg = Release|x86
		{905530EF-B4B8-4E5C-B62E-4540563AE3E0}.Release|Win32.Build.0 = Release|x86
		{905530EF-B4B8-4E5C-B62E-4540563AE3E0}.Release|x86.ActiveCfg = Release|x86
		{905530EF-B4B8-4E5C-B62E-4540563AE3E0}.Release|x86.Build.0 = Release|x86
		{C7023032-4B99-4F9F-A6E4-126909076CF4}.Debug iOS|Any CPU.ActiveCfg = Debug|Any CPU
		{C7023032-4B99-4F9F-A6E4-126909076CF4}.Debug iOS|Any CPU.Build.0 = Debug|Any CPU
		{C7023032-4B99-4F9F-A6E4-126909076CF4}.Debug iOS|ARM.ActiveCfg = Debug|ARM
		{C7023032-4B99-4F9F-A6E4-126909076CF4}.Debug iOS|ARM.Build.0 = Debug|ARM
		{C7023032-4B99-4F9F-A6E4-126909076CF4}.Debug iOS|Mixed Platforms.ActiveCfg = Debug|x86
		{C7023032-4B99-4F9F-A6E4-126909076CF4}.Debug iOS|Mixed Platforms.Build.0 = Debug|x86
		{C7023032-4B99-4F9F-A6E4-126909076CF4}.Debug iOS|Win32.ActiveCfg = Debug|x86
		{C7023032-4B99-4F9F-A6E4-126909076CF4}.Debug iOS|Win32.Build.0 = Debug|x86
		{C7023032-4B99-4F9F-A6E4-126909076CF4}.Debug iOS|x86.ActiveCfg = Debug|x86
		{C7023032-4B99-4F9F-A6E4-126909076CF4}.Debug iOS|x86.Build.0 = Debug|x86
		{C7023032-4B99-4F9F-A6E4-126909076CF4}.Debug iPhone|Any CPU.ActiveCfg = Debug|Any CPU
		{C7023032-4B99-4F9F-A6E4-126909076CF4}.Debug iPhone|Any CPU.Build.0 = Debug|Any CPU
		{C7023032-4B99-4F9F-A6E4-126909076CF4}.Debug iPhone|ARM.ActiveCfg = Debug|ARM
		{C7023032-4B99-4F9F-A6E4-126909076CF4}.Debug iPhone|ARM.Build.0 = Debug|ARM
		{C7023032-4B99-4F9F-A6E4-126909076CF4}.Debug iPhone|Mixed Platforms.ActiveCfg = Debug|x86
		{C7023032-4B99-4F9F-A6E4-126909076CF4}.Debug iPhone|Mixed Platforms.Build.0 = Debug|x86
		{C7023032-4B99-4F9F-A6E4-126909076CF4}.Debug iPhone|Win32.ActiveCfg = Debug|x86
		{C7023032-4B99-4F9F-A6E4-126909076CF4}.Debug iPhone|Win32.Build.0 = Debug|x86
		{C7023032-4B99-4F9F-A6E4-126909076CF4}.Debug iPhone|x86.ActiveCfg = Debug|x86
		{C7023032-4B99-4F9F-A6E4-126909076CF4}.Debug iPhone|x86.Build.0 = Debug|x86
		{C7023032-4B99-4F9F-A6E4-126909076CF4}.Debug iPhoneSimulator|Any CPU.ActiveCfg = Debug|Any CPU
		{C7023032-4B99-4F9F-A6E4-126909076CF4}.Debug iPhoneSimulator|Any CPU.Build.0 = Debug|Any CPU
		{C7023032-4B99-4F9F-A6E4-126909076CF4}.Debug iPhoneSimulator|ARM.ActiveCfg = Debug|ARM
		{C7023032-4B99-4F9F-A6E4-126909076CF4}.Debug iPhoneSimulator|ARM.Build.0 = Debug|ARM
		{C7023032-4B99-4F9F-A6E4-126909076CF4}.Debug iPhoneSimulator|Mixed Platforms.ActiveCfg = Debug|x86
		{C7023032-4B99-4F9F-A6E4-126909076CF4}.Debug iPhoneSimulator|Mixed Platforms.Build.0 = Debug|x86
		{C7023032-4B99-4F9F-A6E4-126909076CF4}.Debug iPhoneSimulator|Win32.ActiveCfg = Debug|x86
		{C7023032-4B99-4F9F-A6E4-126909076CF4}.Debug iPhoneSimulator|Win32.Build.0 = Debug|x86
		{C7023032-4B99-4F9F-A6E4-126909076CF4}.Debug iPhoneSimulator|x86.ActiveCfg = Debug|x86
		{C7023032-4B99-4F9F-A6E4-126909076CF4}.Debug iPhoneSimulator|x86.Build.0 = Debug|x86
		{C7023032-4B99-4F9F-A6E4-126909076CF4}.Debug|Any CPU.ActiveCfg = Debug|Any CPU
		{C7023032-4B99-4F9F-A6E4-126909076CF4}.Debug|Any CPU.Build.0 = Debug|Any CPU
		{C7023032-4B99-4F9F-A6E4-126909076CF4}.Debug|ARM.ActiveCfg = Debug|ARM
		{C7023032-4B99-4F9F-A6E4-126909076CF4}.Debug|ARM.Build.0 = Debug|ARM
		{C7023032-4B99-4F9F-A6E4-126909076CF4}.Debug|Mixed Platforms.ActiveCfg = Debug|x86
		{C7023032-4B99-4F9F-A6E4-126909076CF4}.Debug|Mixed Platforms.Build.0 = Debug|x86
		{C7023032-4B99-4F9F-A6E4-126909076CF4}.Debug|Win32.ActiveCfg = Debug|x86
		{C7023032-4B99-4F9F-A6E4-126909076CF4}.Debug|Win32.Build.0 = Debug|x86
		{C7023032-4B99-4F9F-A6E4-126909076CF4}.Debug|x86.ActiveCfg = Debug|x86
		{C7023032-4B99-4F9F-A6E4-126909076CF4}.Debug|x86.Build.0 = Debug|x86
		{C7023032-4B99-4F9F-A6E4-126909076CF4}.DebugIOS|Any CPU.ActiveCfg = Debug|Any CPU
		{C7023032-4B99-4F9F-A6E4-126909076CF4}.DebugIOS|Any CPU.Build.0 = Debug|Any CPU
		{C7023032-4B99-4F9F-A6E4-126909076CF4}.DebugIOS|ARM.ActiveCfg = Debug|ARM
		{C7023032-4B99-4F9F-A6E4-126909076CF4}.DebugIOS|ARM.Build.0 = Debug|ARM
		{C7023032-4B99-4F9F-A6E4-126909076CF4}.DebugIOS|Mixed Platforms.ActiveCfg = Debug|x86
		{C7023032-4B99-4F9F-A6E4-126909076CF4}.DebugIOS|Mixed Platforms.Build.0 = Debug|x86
		{C7023032-4B99-4F9F-A6E4-126909076CF4}.DebugIOS|Win32.ActiveCfg = Debug|x86
		{C7023032-4B99-4F9F-A6E4-126909076CF4}.DebugIOS|Win32.Build.0 = Debug|x86
		{C7023032-4B99-4F9F-A6E4-126909076CF4}.DebugIOS|x86.ActiveCfg = Debug|x86
		{C7023032-4B99-4F9F-A6E4-126909076CF4}.DebugIOS|x86.Build.0 = Debug|x86
		{C7023032-4B99-4F9F-A6E4-126909076CF4}.DebugWP8|Any CPU.ActiveCfg = Debug|Any CPU
		{C7023032-4B99-4F9F-A6E4-126909076CF4}.DebugWP8|Any CPU.Build.0 = Debug|Any CPU
		{C7023032-4B99-4F9F-A6E4-126909076CF4}.DebugWP8|ARM.ActiveCfg = Debug|ARM
		{C7023032-4B99-4F9F-A6E4-126909076CF4}.DebugWP8|ARM.Build.0 = Debug|ARM
		{C7023032-4B99-4F9F-A6E4-126909076CF4}.DebugWP8|Mixed Platforms.ActiveCfg = Debug|x86
		{C7023032-4B99-4F9F-A6E4-126909076CF4}.DebugWP8|Mixed Platforms.Build.0 = Debug|x86
		{C7023032-4B99-4F9F-A6E4-126909076CF4}.DebugWP8|Win32.ActiveCfg = Debug|x86
		{C7023032-4B99-4F9F-A6E4-126909076CF4}.DebugWP8|Win32.Build.0 = Debug|x86
		{C7023032-4B99-4F9F-A6E4-126909076CF4}.DebugWP8|x86.ActiveCfg = Debug|x86
		{C7023032-4B99-4F9F-A6E4-126909076CF4}.DebugWP8|x86.Build.0 = Debug|x86
		{C7023032-4B99-4F9F-A6E4-126909076CF4}.Release|Any CPU.ActiveCfg = Release|Any CPU
		{C7023032-4B99-4F9F-A6E4-126909076CF4}.Release|Any CPU.Build.0 = Release|Any CPU
		{C7023032-4B99-4F9F-A6E4-126909076CF4}.Release|ARM.ActiveCfg = Release|ARM
		{C7023032-4B99-4F9F-A6E4-126909076CF4}.Release|ARM.Build.0 = Release|ARM
		{C7023032-4B99-4F9F-A6E4-126909076CF4}.Release|Mixed Platforms.ActiveCfg = Release|x86
		{C7023032-4B99-4F9F-A6E4-126909076CF4}.Release|Mixed Platforms.Build.0 = Release|x86
		{C7023032-4B99-4F9F-A6E4-126909076CF4}.Release|Win32.ActiveCfg = Release|x86
		{C7023032-4B99-4F9F-A6E4-126909076CF4}.Release|Win32.Build.0 = Release|x86
		{C7023032-4B99-4F9F-A6E4-126909076CF4}.Release|x86.ActiveCfg = Release|x86
		{C7023032-4B99-4F9F-A6E4-126909076CF4}.Release|x86.Build.0 = Release|x86
	EndGlobalSection
	GlobalSection(SolutionProperties) = preSolution
		HideSolutionNode = FALSE
	EndGlobalSection
EndGlobal
